{
  "name": "pi-deferred-context-engine",
  "version": "0.1.1",
  "lockfileVersion": 3,
  "requires": true,
  "packages": {
    "": {
      "name": "pi-deferred-context-engine",
      "version": "0.1.1",
      "license": "MIT",
      "devDependencies": {
        "typebox": "^1.0.0"
      },
      "engines": {
        "node": ">=22.0.0"
      },
      "peerDependencies": {
        "@earendil-works/pi-coding-agent": "*",
        "typebox": "*"
      },
      "peerDependenciesMeta": {
        "@earendil-works/pi-coding-agent": {
          "optional": true
        },
        "typebox": {
          "optional": true
        }
      }
    },
    "node_modules/typebox": {
      "version": "1.3.12",
      "resolved": "https://registry.npmjs.org/typebox/-/typebox-1.3.12.tgz",
      "integrity": "sha512-CTZgXB7zyNxwKXq7ktZYGcKZHqu/ZtpPGMHxf5xBa2hrfY9cokVd6SHwwx/r/EHur9V1jJcfeP3Guw9v1QpZ7g==",
      "dev": true,
      "license": "MIT"
    }
  }
}
